
Microsoft Visual Studio Solution File, Format Version 12.00
# Visual Studio Version 16
VisualStudioVersion = 16.0.30717.126
MinimumVisualStudioVersion = 10.0.40219.1
Project("{9A19103F-16F7-4668-BE54-9A1E7A4F7556}") = "Pokedex", "Pokedex\Pokedex.csproj", "{9BB035E9-A4AD-4C6D-A408-D356EE63911C}"
EndProject
Project("{9A19103F-16F7-4668-BE54-9A1E7A4F7556}") = "Pokedex.BusinessLayer", "Pokedex.BusinessLayer\Pokedex.BusinessLayer.csproj", "{6CB98393-C5B0-49D2-B6B5-704CB9953701}"
EndProject
Project("{9A19103F-16F7-4668-BE54-9A1E7A4F7556}") = "Pokedex.DataLayer", "Pokedex.DataLayer\Pokedex.DataLayer.csproj", "{A1228A74-1BA2-4464-9828-085B7E785C13}"
EndProject
Project("{FAE04EC0-301F-11D3-BF4B-00C04F79EFBC}") = "Pokedex.WebApi", "Pokedex.WebApi\Pokedex.WebApi.csproj", "{5DF92DBD-D1CA-4171-9CE2-0D01C8142FCC}"
EndProject
Global
	GlobalSection(SolutionConfigurationPlatforms) = preSolution
		Debug|Any CPU = Debug|Any CPU
		Release|Any CPU = Release|Any CPU
	EndGlobalSection
	GlobalSection(ProjectConfigurationPlatforms) = postSolution
		{9BB035E9-A4AD-4C6D-A408-D356EE63911C}.Debug|Any CPU.ActiveCfg = Debug|Any CPU
		{9BB035E9-A4AD-4C6D-A408-D356EE63911C}.Debug|Any CPU.Build.0 = Debug|Any CPU
		{9BB035E9-A4AD-4C6D-A408-D356EE63911C}.Release|Any CPU.ActiveCfg = Release|Any CPU
		{9BB035E9-A4AD-4C6D-A408-D356EE63911C}.Release|Any CPU.Build.0 = Release|Any CPU
		{6CB98393-C5B0-49D2-B6B5-704CB9953701}.Debug|Any CPU.ActiveCfg = Debug|Any CPU
		{6CB98393-C5B0-49D2-B6B5-704CB9953701}.Debug|Any CPU.Build.0 = Debug|Any CPU
		{6CB98393-C5B0-49D2-B6B5-704CB9953701}.Release|Any CPU.ActiveCfg = Release|Any CPU
		{6CB98393-C5B0-49D2-B6B5-704CB9953701}.Release|Any CPU.Build.0 = Release|Any CPU
		{A1228A74-1BA2-4464-9828-085B7E785C13}.Debug|Any CPU.ActiveCfg = Debug|Any CPU
		{A1228A74-1BA2-4464-9828-085B7E785C13}.Debug|Any CPU.Build.0 = Debug|Any CPU
		{A1228A74-1BA2-4464-9828-085B7E785C13}.Release|Any CPU.ActiveCfg = Release|Any CPU
		{A1228A74-1BA2-4464-9828-085B7E785C13}.Release|Any CPU.Build.0 = Release|Any CPU
		{5DF92DBD-D1CA-4171-9CE2-0D01C8142FCC}.Debug|Any CPU.ActiveCfg = Debug|Any CPU
		{5DF92DBD-D1CA-4171-9CE2-0D01C8142FCC}.Debug|Any CPU.Build.0 = Debug|Any CPU
		{5DF92DBD-D1CA-4171-9CE2-0D01C8142FCC}.Release|Any CPU.ActiveCfg = Release|Any CPU
		{5DF92DBD-D1CA-4171-9CE2-0D01C8142FCC}.Release|Any CPU.Build.0 = Release|Any CPU
	EndGlobalSection
	GlobalSection(SolutionProperties) = preSolution
		HideSolutionNode = FALSE
	EndGlobalSection
	GlobalSection(ExtensibilityGlobals) = postSolution
		SolutionGuid = {ACBB174C-D342-4E68-A1B9-B92260C86AB0}
	EndGlobalSection
EndGlobal
